
Microsoft Visual Studio Solution File, Format Version 12.00
# Visual Studio Version 16
VisualStudioVersion = 16.0.29201.188
MinimumVisualStudioVersion = 10.0.40219.1
Project("{FAE04EC0-301F-11D3-BF4B-00C04F79EFBC}") = "FriendOrganizer.UI", "FriendOrganizer.UI\FriendOrganizer.UI.csproj", "{944080E1-3C3E-44D3-A3A1-1E61E26EBA06}"
EndProject
Project("{FAE04EC0-301F-11D3-BF4B-00C04F79EFBC}") = "FriendOrganizer.DataAccess", "FriendOrganizer.DataAccess\FriendOrganizer.DataAccess.csproj", "{AB404AC6-F0B9-4E4E-B80C-1537E754164D}"
EndProject
Project("{FAE04EC0-301F-11D3-BF4B-00C04F79EFBC}") = "FriendOrganizer.Model", "FriendOrganizer.Model\FriendOrganizer.Model.csproj", "{C1874DC1-F08A-4E23-83DC-B0CED34EAE59}"
EndProject
Global
	GlobalSection(SolutionConfigurationPlatforms) = preSolution
		Debug|Any CPU = Debug|Any CPU
		Release|Any CPU = Release|Any CPU
	EndGlobalSection
	GlobalSection(ProjectConfigurationPlatforms) = postSolution
		{944080E1-3C3E-44D3-A3A1-1E61E26EBA06}.Debug|Any CPU.ActiveCfg = Debug|Any CPU
		{944080E1-3C3E-44D3-A3A1-1E61E26EBA06}.Debug|Any CPU.Build.0 = Debug|Any CPU
		{944080E1-3C3E-44D3-A3A1-1E61E26EBA06}.Release|Any CPU.ActiveCfg = Release|Any CPU
		{944080E1-3C3E-44D3-A3A1-1E61E26EBA06}.Release|Any CPU.Build.0 = Release|Any CPU
		{AB404AC6-F0B9-4E4E-B80C-1537E754164D}.Debug|Any CPU.ActiveCfg = Debug|Any CPU
		{AB404AC6-F0B9-4E4E-B80C-1537E754164D}.Debug|Any CPU.Build.0 = Debug|Any CPU
		{AB404AC6-F0B9-4E4E-B80C-1537E754164D}.Release|Any CPU.ActiveCfg = Release|Any CPU
		{AB404AC6-F0B9-4E4E-B80C-1537E754164D}.Release|Any CPU.Build.0 = Release|Any CPU
		{C1874DC1-F08A-4E23-83DC-B0CED34EAE59}.Debug|Any CPU.ActiveCfg = Debug|Any CPU
		{C1874DC1-F08A-4E23-83DC-B0CED34EAE59}.Debug|Any CPU.Build.0 = Debug|Any CPU
		{C1874DC1-F08A-4E23-83DC-B0CED34EAE59}.Release|Any CPU.ActiveCfg = Release|Any CPU
		{C1874DC1-F08A-4E23-83DC-B0CED34EAE59}.Release|Any CPU.Build.0 = Release|Any CPU
	EndGlobalSection
	GlobalSection(SolutionProperties) = preSolution
		HideSolutionNode = FALSE
	EndGlobalSection
	GlobalSection(ExtensibilityGlobals) = postSolution
		SolutionGuid = {14CB031D-C022-45AF-A3F2-B63301A3E652}
	EndGlobalSection
EndGlobal
